{
  "requires": true,
  "lockfileVersion": 1,
  "dependencies": {
    "system": {
      "version": "2.0.1",
      "resolved": "https://repository.ptecports.com/repository/npm-group/system/-/system-2.0.1.tgz",
      "integrity": "sha512-BwSUSa8LMHZouGadZ34ck3TsrH5s3oMmTKPK+xHdbBnTCZOZMJ38fHGKLAHkBl0PXru1Z4BsymQU4qqvTxWzdQ=="
    }
  }
}
